
Microsoft Visual Studio Solution File, Format Version 12.00
# Visual Studio Version 17
VisualStudioVersion = 17.14.36518.9
MinimumVisualStudioVersion = 10.0.40219.1
Project("{2150E333-8FDC-42A3-9474-1A3956D46DE8}") = "Microservices", "Microservices", "{8A367DDA-5161-A942-4F09-60E4726C9306}"
EndProject
Project("{2150E333-8FDC-42A3-9474-1A3956D46DE8}") = "Customer", "Customer", "{F43843F2-7F92-4B10-9619-DE47B885B95D}"
EndProject
Project("{FAE04EC0-301F-11D3-BF4B-00C04F79EFBC}") = "Customer.Application", "Microservices\Customer\Customer.Application\Customer.Application.csproj", "{8FACFAAA-3984-43EC-A6B5-BE616FADC7D1}"
EndProject
Project("{FAE04EC0-301F-11D3-BF4B-00C04F79EFBC}") = "Customer.Domain", "Microservices\Customer\Customer.Domain\Customer.Domain.csproj", "{3DECC141-82DE-4D74-B042-5F64580A351C}"
EndProject
Project("{FAE04EC0-301F-11D3-BF4B-00C04F79EFBC}") = "Customer.Infrastructure", "Microservices\Customer\Customer.Infrastructure\Customer.Infrastructure.csproj", "{EFC92716-616C-466C-8748-9B18677F76C7}"
EndProject
Project("{2150E333-8FDC-42A3-9474-1A3956D46DE8}") = "Order", "Order", "{57100A56-520E-DBBB-C014-D73AA721F2C7}"
EndProject
Project("{FAE04EC0-301F-11D3-BF4B-00C04F79EFBC}") = "Order.Application", "Microservices\Order\Order.Application\Order.Application.csproj", "{1EF1EA4E-FA58-49C0-B9D5-A2CCF02A82F1}"
EndProject
Project("{FAE04EC0-301F-11D3-BF4B-00C04F79EFBC}") = "Order.Domain", "Microservices\Order\Order.Domain\Order.Domain.csproj", "{037347D7-2EC3-4D37-AF61-7DF92C17016F}"
EndProject
Project("{FAE04EC0-301F-11D3-BF4B-00C04F79EFBC}") = "Order.Infrastructure", "Microservices\Order\Order.Infrastructure\Order.Infrastructure.csproj", "{A318D808-CF5D-421A-8963-222FA59E821D}"
EndProject
Project("{FAE04EC0-301F-11D3-BF4B-00C04F79EFBC}") = "Customer.API", "Microservices\Customer\Customer.API\Customer.API.csproj", "{9BB0D55D-90ED-3301-EBC6-AEDA95EA9861}"
EndProject
Project("{FAE04EC0-301F-11D3-BF4B-00C04F79EFBC}") = "Order.API", "Microservices\Order\Order.API\Order.API.csproj", "{280391C0-06AF-5866-808C-0B9868116647}"
EndProject
Project("{2150E333-8FDC-42A3-9474-1A3956D46DE8}") = "Product", "Product", "{02EA681E-C7D8-13C7-8484-4AC65E1B71E8}"
EndProject
Project("{FAE04EC0-301F-11D3-BF4B-00C04F79EFBC}") = "Product.API", "Microservices\Products\Product.API\Product.API.csproj", "{62D6D846-AC2C-AFE8-B167-C30ADBDC9BB8}"
EndProject
Project("{FAE04EC0-301F-11D3-BF4B-00C04F79EFBC}") = "Product.Application", "Microservices\Products\Product.Application\Product.Application.csproj", "{C24BF798-A1E0-5B21-7500-B405A40AD410}"
EndProject
Project("{FAE04EC0-301F-11D3-BF4B-00C04F79EFBC}") = "Product.Domain", "Microservices\Products\Product.Domain\Product.Domain.csproj", "{59049107-A3CA-E5E1-42F0-3FB46C72117F}"
EndProject
Project("{FAE04EC0-301F-11D3-BF4B-00C04F79EFBC}") = "Product.Infrastructure", "Microservices\Products\Product.Infrastructure\Product.Infrastructure.csproj", "{803F3DCB-8FAF-7C09-19E8-5F4603A98D32}"
EndProject
Global
	GlobalSection(SolutionConfigurationPlatforms) = preSolution
		Debug|Any CPU = Debug|Any CPU
		Debug|x64 = Debug|x64
		Debug|x86 = Debug|x86
		Release|Any CPU = Release|Any CPU
		Release|x64 = Release|x64
		Release|x86 = Release|x86
	EndGlobalSection
	GlobalSection(ProjectConfigurationPlatforms) = postSolution
		{8FACFAAA-3984-43EC-A6B5-BE616FADC7D1}.Debug|Any CPU.ActiveCfg = Debug|Any CPU
		{8FACFAAA-3984-43EC-A6B5-BE616FADC7D1}.Debug|Any CPU.Build.0 = Debug|Any CPU
		{8FACFAAA-3984-43EC-A6B5-BE616FADC7D1}.Debug|x64.ActiveCfg = Debug|Any CPU
		{8FACFAAA-3984-43EC-A6B5-BE616FADC7D1}.Debug|x64.Build.0 = Debug|Any CPU
		{8FACFAAA-3984-43EC-A6B5-BE616FADC7D1}.Debug|x86.ActiveCfg = Debug|Any CPU
		{8FACFAAA-3984-43EC-A6B5-BE616FADC7D1}.Debug|x86.Build.0 = Debug|Any CPU
		{8FACFAAA-3984-43EC-A6B5-BE616FADC7D1}.Release|Any CPU.ActiveCfg = Release|Any CPU
		{8FACFAAA-3984-43EC-A6B5-BE616FADC7D1}.Release|Any CPU.Build.0 = Release|Any CPU
		{8FACFAAA-3984-43EC-A6B5-BE616FADC7D1}.Release|x64.ActiveCfg = Release|Any CPU
		{8FACFAAA-3984-43EC-A6B5-BE616FADC7D1}.Release|x64.Build.0 = Release|Any CPU
		{8FACFAAA-3984-43EC-A6B5-BE616FADC7D1}.Release|x86.ActiveCfg = Release|Any CPU
		{8FACFAAA-3984-43EC-A6B5-BE616FADC7D1}.Release|x86.Build.0 = Release|Any CPU
		{3DECC141-82DE-4D74-B042-5F64580A351C}.Debug|Any CPU.ActiveCfg = Debug|Any CPU
		{3DECC141-82DE-4D74-B042-5F64580A351C}.Debug|Any CPU.Build.0 = Debug|Any CPU
		{3DECC141-82DE-4D74-B042-5F64580A351C}.Debug|x64.ActiveCfg = Debug|Any CPU
		{3DECC141-82DE-4D74-B042-5F64580A351C}.Debug|x64.Build.0 = Debug|Any CPU
		{3DECC141-82DE-4D74-B042-5F64580A351C}.Debug|x86.ActiveCfg = Debug|Any CPU
		{3DECC141-82DE-4D74-B042-5F64580A351C}.Debug|x86.Build.0 = Debug|Any CPU
		{3DECC141-82DE-4D74-B042-5F64580A351C}.Release|Any CPU.ActiveCfg = Release|Any CPU
		{3DECC141-82DE-4D74-B042-5F64580A351C}.Release|Any CPU.Build.0 = Release|Any CPU
		{3DECC141-82DE-4D74-B042-5F64580A351C}.Release|x64.ActiveCfg = Release|Any CPU
		{3DECC141-82DE-4D74-B042-5F64580A351C}.Release|x64.Build.0 = Release|Any CPU
		{3DECC141-82DE-4D74-B042-5F64580A351C}.Release|x86.ActiveCfg = Release|Any CPU
		{3DECC141-82DE-4D74-B042-5F64580A351C}.Release|x86.Build.0 = Release|Any CPU
		{EFC92716-616C-466C-8748-9B18677F76C7}.Debug|Any CPU.ActiveCfg = Debug|Any CPU
		{EFC92716-616C-466C-8748-9B18677F76C7}.Debug|Any CPU.Build.0 = Debug|Any CPU
		{EFC92716-616C-466C-8748-9B18677F76C7}.Debug|x64.ActiveCfg = Debug|Any CPU
		{EFC92716-616C-466C-8748-9B18677F76C7}.Debug|x64.Build.0 = Debug|Any CPU
		{EFC92716-616C-466C-8748-9B18677F76C7}.Debug|x86.ActiveCfg = Debug|Any CPU
		{EFC92716-616C-466C-8748-9B18677F76C7}.Debug|x86.Build.0 = Debug|Any CPU
		{EFC92716-616C-466C-8748-9B18677F76C7}.Release|Any CPU.ActiveCfg = Release|Any CPU
		{EFC92716-616C-466C-8748-9B18677F76C7}.Release|Any CPU.Build.0 = Release|Any CPU
		{EFC92716-616C-466C-8748-9B18677F76C7}.Release|x64.ActiveCfg = Release|Any CPU
		{EFC92716-616C-466C-8748-9B18677F76C7}.Release|x64.Build.0 = Release|Any CPU
		{EFC92716-616C-466C-8748-9B18677F76C7}.Release|x86.ActiveCfg = Release|Any CPU
		{EFC92716-616C-466C-8748-9B18677F76C7}.Release|x86.Build.0 = Release|Any CPU
		{1EF1EA4E-FA58-49C0-B9D5-A2CCF02A82F1}.Debug|Any CPU.ActiveCfg = Debug|Any CPU
		{1EF1EA4E-FA58-49C0-B9D5-A2CCF02A82F1}.Debug|Any CPU.Build.0 = Debug|Any CPU
		{1EF1EA4E-FA58-49C0-B9D5-A2CCF02A82F1}.Debug|x64.ActiveCfg = Debug|Any CPU
		{1EF1EA4E-FA58-49C0-B9D5-A2CCF02A82F1}.Debug|x64.Build.0 = Debug|Any CPU
		{1EF1EA4E-FA58-49C0-B9D5-A2CCF02A82F1}.Debug|x86.ActiveCfg = Debug|Any CPU
		{1EF1EA4E-FA58-49C0-B9D5-A2CCF02A82F1}.Debug|x86.Build.0 = Debug|Any CPU
		{1EF1EA4E-FA58-49C0-B9D5-A2CCF02A82F1}.Release|Any CPU.ActiveCfg = Release|Any CPU
		{1EF1EA4E-FA58-49C0-B9D5-A2CCF02A82F1}.Release|Any CPU.Build.0 = Release|Any CPU
		{1EF1EA4E-FA58-49C0-B9D5-A2CCF02A82F1}.Release|x64.ActiveCfg = Release|Any CPU
		{1EF1EA4E-FA58-49C0-B9D5-A2CCF02A82F1}.Release|x64.Build.0 = Release|Any CPU
		{1EF1EA4E-FA58-49C0-B9D5-A2CCF02A82F1}.Release|x86.ActiveCfg = Release|Any CPU
		{1EF1EA4E-FA58-49C0-B9D5-A2CCF02A82F1}.Release|x86.Build.0 = Release|Any CPU
		{037347D7-2EC3-4D37-AF61-7DF92C17016F}.Debug|Any CPU.ActiveCfg = Debug|Any CPU
		{037347D7-2EC3-4D37-AF61-7DF92C17016F}.Debug|Any CPU.Build.0 = Debug|Any CPU
		{037347D7-2EC3-4D37-AF61-7DF92C17016F}.Debug|x64.ActiveCfg = Debug|Any CPU
		{037347D7-2EC3-4D37-AF61-7DF92C17016F}.Debug|x64.Build.0 = Debug|Any CPU
		{037347D7-2EC3-4D37-AF61-7DF92C17016F}.Debug|x86.ActiveCfg = Debug|Any CPU
		{037347D7-2EC3-4D37-AF61-7DF92C17016F}.Debug|x86.Build.0 = Debug|Any CPU
		{037347D7-2EC3-4D37-AF61-7DF92C17016F}.Release|Any CPU.ActiveCfg = Release|Any CPU
		{037347D7-2EC3-4D37-AF61-7DF92C17016F}.Release|Any CPU.Build.0 = Release|Any CPU
		{037347D7-2EC3-4D37-AF61-7DF92C17016F}.Release|x64.ActiveCfg = Release|Any CPU
		{037347D7-2EC3-4D37-AF61-7DF92C17016F}.Release|x64.Build.0 = Release|Any CPU
		{037347D7-2EC3-4D37-AF61-7DF92C17016F}.Release|x86.ActiveCfg = Release|Any CPU
		{037347D7-2EC3-4D37-AF61-7DF92C17016F}.Release|x86.Build.0 = Release|Any CPU
		{A318D808-CF5D-421A-8963-222FA59E821D}.Debug|Any CPU.ActiveCfg = Debug|Any CPU
		{A318D808-CF5D-421A-8963-222FA59E821D}.Debug|Any CPU.Build.0 = Debug|Any CPU
		{A318D808-CF5D-421A-8963-222FA59E821D}.Debug|x64.ActiveCfg = Debug|Any CPU
		{A318D808-CF5D-421A-8963-222FA59E821D}.Debug|x64.Build.0 = Debug|Any CPU
		{A318D808-CF5D-421A-8963-222FA59E821D}.Debug|x86.ActiveCfg = Debug|Any CPU
		{A318D808-CF5D-421A-8963-222FA59E821D}.Debug|x86.Build.0 = Debug|Any CPU
		{A318D808-CF5D-421A-8963-222FA59E821D}.Release|Any CPU.ActiveCfg = Release|Any CPU
		{A318D808-CF5D-421A-8963-222FA59E821D}.Release|Any CPU.Build.0 = Release|Any CPU
		{A318D808-CF5D-421A-8963-222FA59E821D}.Release|x64.ActiveCfg = Release|Any CPU
		{A318D808-CF5D-421A-8963-222FA59E821D}.Release|x64.Build.0 = Release|Any CPU
		{A318D808-CF5D-421A-8963-222FA59E821D}.Release|x86.ActiveCfg = Release|Any CPU
		{A318D808-CF5D-421A-8963-222FA59E821D}.Release|x86.Build.0 = Release|Any CPU
		{9BB0D55D-90ED-3301-EBC6-AEDA95EA9861}.Debug|Any CPU.ActiveCfg = Debug|Any CPU
		{9BB0D55D-90ED-3301-EBC6-AEDA95EA9861}.Debug|Any CPU.Build.0 = Debug|Any CPU
		{9BB0D55D-90ED-3301-EBC6-AEDA95EA9861}.Debug|x64.ActiveCfg = Debug|Any CPU
		{9BB0D55D-90ED-3301-EBC6-AEDA95EA9861}.Debug|x64.Build.0 = Debug|Any CPU
		{9BB0D55D-90ED-3301-EBC6-AEDA95EA9861}.Debug|x86.ActiveCfg = Debug|Any CPU
		{9BB0D55D-90ED-3301-EBC6-AEDA95EA9861}.Debug|x86.Build.0 = Debug|Any CPU
		{9BB0D55D-90ED-3301-EBC6-AEDA95EA9861}.Release|Any CPU.ActiveCfg = Release|Any CPU
		{9BB0D55D-90ED-3301-EBC6-AEDA95EA9861}.Release|Any CPU.Build.0 = Release|Any CPU
		{9BB0D55D-90ED-3301-EBC6-AEDA95EA9861}.Release|x64.ActiveCfg = Release|Any CPU
		{9BB0D55D-90ED-3301-EBC6-AEDA95EA9861}.Release|x64.Build.0 = Release|Any CPU
		{9BB0D55D-90ED-3301-EBC6-AEDA95EA9861}.Release|x86.ActiveCfg = Release|Any CPU
		{9BB0D55D-90ED-3301-EBC6-AEDA95EA9861}.Release|x86.Build.0 = Release|Any CPU
		{280391C0-06AF-5866-808C-0B9868116647}.Debug|Any CPU.ActiveCfg = Debug|Any CPU
		{280391C0-06AF-5866-808C-0B9868116647}.Debug|Any CPU.Build.0 = Debug|Any CPU
		{280391C0-06AF-5866-808C-0B9868116647}.Debug|x64.ActiveCfg = Debug|Any CPU
		{280391C0-06AF-5866-808C-0B9868116647}.Debug|x64.Build.0 = Debug|Any CPU
		{280391C0-06AF-5866-808C-0B9868116647}.Debug|x86.ActiveCfg = Debug|Any CPU
		{280391C0-06AF-5866-808C-0B9868116647}.Debug|x86.Build.0 = Debug|Any CPU
		{280391C0-06AF-5866-808C-0B9868116647}.Release|Any CPU.ActiveCfg = Release|Any CPU
		{280391C0-06AF-5866-808C-0B9868116647}.Release|Any CPU.Build.0 = Release|Any CPU
		{280391C0-06AF-5866-808C-0B9868116647}.Release|x64.ActiveCfg = Release|Any CPU
		{280391C0-06AF-5866-808C-0B9868116647}.Release|x64.Build.0 = Release|Any CPU
		{280391C0-06AF-5866-808C-0B9868116647}.Release|x86.ActiveCfg = Release|Any CPU
		{280391C0-06AF-5866-808C-0B9868116647}.Release|x86.Build.0 = Release|Any CPU
		{62D6D846-AC2C-AFE8-B167-C30ADBDC9BB8}.Debug|Any CPU.ActiveCfg = Debug|Any CPU
		{62D6D846-AC2C-AFE8-B167-C30ADBDC9BB8}.Debug|Any CPU.Build.0 = Debug|Any CPU
		{62D6D846-AC2C-AFE8-B167-C30ADBDC9BB8}.Debug|x64.ActiveCfg = Debug|Any CPU
		{62D6D846-AC2C-AFE8-B167-C30ADBDC9BB8}.Debug|x64.Build.0 = Debug|Any CPU
		{62D6D846-AC2C-AFE8-B167-C30ADBDC9BB8}.Debug|x86.ActiveCfg = Debug|Any CPU
		{62D6D846-AC2C-AFE8-B167-C30ADBDC9BB8}.Debug|x86.Build.0 = Debug|Any CPU
		{62D6D846-AC2C-AFE8-B167-C30ADBDC9BB8}.Release|Any CPU.ActiveCfg = Release|Any CPU
		{62D6D846-AC2C-AFE8-B167-C30ADBDC9BB8}.Release|Any CPU.Build.0 = Release|Any CPU
		{62D6D846-AC2C-AFE8-B167-C30ADBDC9BB8}.Release|x64.ActiveCfg = Release|Any CPU
		{62D6D846-AC2C-AFE8-B167-C30ADBDC9BB8}.Release|x64.Build.0 = Release|Any CPU
		{62D6D846-AC2C-AFE8-B167-C30ADBDC9BB8}.Release|x86.ActiveCfg = Release|Any CPU
		{62D6D846-AC2C-AFE8-B167-C30ADBDC9BB8}.Release|x86.Build.0 = Release|Any CPU
		{C24BF798-A1E0-5B21-7500-B405A40AD410}.Debug|Any CPU.ActiveCfg = Debug|Any CPU
		{C24BF798-A1E0-5B21-7500-B405A40AD410}.Debug|Any CPU.Build.0 = Debug|Any CPU
		{C24BF798-A1E0-5B21-7500-B405A40AD410}.Debug|x64.ActiveCfg = Debug|Any CPU
		{C24BF798-A1E0-5B21-7500-B405A40AD410}.Debug|x64.Build.0 = Debug|Any CPU
		{C24BF798-A1E0-5B21-7500-B405A40AD410}.Debug|x86.ActiveCfg = Debug|Any CPU
		{C24BF798-A1E0-5B21-7500-B405A40AD410}.Debug|x86.Build.0 = Debug|Any CPU
		{C24BF798-A1E0-5B21-7500-B405A40AD410}.Release|Any CPU.ActiveCfg = Release|Any CPU
		{C24BF798-A1E0-5B21-7500-B405A40AD410}.Release|Any CPU.Build.0 = Release|Any CPU
		{C24BF798-A1E0-5B21-7500-B405A40AD410}.Release|x64.ActiveCfg = Release|Any CPU
		{C24BF798-A1E0-5B21-7500-B405A40AD410}.Release|x64.Build.0 = Release|Any CPU
		{C24BF798-A1E0-5B21-7500-B405A40AD410}.Release|x86.ActiveCfg = Release|Any CPU
		{C24BF798-A1E0-5B21-7500-B405A40AD410}.Release|x86.Build.0 = Release|Any CPU
		{59049107-A3CA-E5E1-42F0-3FB46C72117F}.Debug|Any CPU.ActiveCfg = Debug|Any CPU
		{59049107-A3CA-E5E1-42F0-3FB46C72117F}.Debug|Any CPU.Build.0 = Debug|Any CPU
		{59049107-A3CA-E5E1-42F0-3FB46C72117F}.Debug|x64.ActiveCfg = Debug|Any CPU
		{59049107-A3CA-E5E1-42F0-3FB46C72117F}.Debug|x64.Build.0 = Debug|Any CPU
		{59049107-A3CA-E5E1-42F0-3FB46C72117F}.Debug|x86.ActiveCfg = Debug|Any CPU
		{59049107-A3CA-E5E1-42F0-3FB46C72117F}.Debug|x86.Build.0 = Debug|Any CPU
		{59049107-A3CA-E5E1-42F0-3FB46C72117F}.Release|Any CPU.ActiveCfg = Release|Any CPU
		{59049107-A3CA-E5E1-42F0-3FB46C72117F}.Release|Any CPU.Build.0 = Release|Any CPU
		{59049107-A3CA-E5E1-42F0-3FB46C72117F}.Release|x64.ActiveCfg = Release|Any CPU
		{59049107-A3CA-E5E1-42F0-3FB46C72117F}.Release|x64.Build.0 = Release|Any CPU
		{59049107-A3CA-E5E1-42F0-3FB46C72117F}.Release|x86.ActiveCfg = Release|Any CPU
		{59049107-A3CA-E5E1-42F0-3FB46C72117F}.Release|x86.Build.0 = Release|Any CPU
		{803F3DCB-8FAF-7C09-19E8-5F4603A98D32}.Debug|Any CPU.ActiveCfg = Debug|Any CPU
		{803F3DCB-8FAF-7C09-19E8-5F4603A98D32}.Debug|Any CPU.Build.0 = Debug|Any CPU
		{803F3DCB-8FAF-7C09-19E8-5F4603A98D32}.Debug|x64.ActiveCfg = Debug|Any CPU
		{803F3DCB-8FAF-7C09-19E8-5F4603A98D32}.Debug|x64.Build.0 = Debug|Any CPU
		{803F3DCB-8FAF-7C09-19E8-5F4603A98D32}.Debug|x86.ActiveCfg = Debug|Any CPU
		{803F3DCB-8FAF-7C09-19E8-5F4603A98D32}.Debug|x86.Build.0 = Debug|Any CPU
		{803F3DCB-8FAF-7C09-19E8-5F4603A98D32}.Release|Any CPU.ActiveCfg = Release|Any CPU
		{803F3DCB-8FAF-7C09-19E8-5F4603A98D32}.Release|Any CPU.Build.0 = Release|Any CPU
		{803F3DCB-8FAF-7C09-19E8-5F4603A98D32}.Release|x64.ActiveCfg = Release|Any CPU
		{803F3DCB-8FAF-7C09-19E8-5F4603A98D32}.Release|x64.Build.0 = Release|Any CPU
		{803F3DCB-8FAF-7C09-19E8-5F4603A98D32}.Release|x86.ActiveCfg = Release|Any CPU
		{803F3DCB-8FAF-7C09-19E8-5F4603A98D32}.Release|x86.Build.0 = Release|Any CPU
	EndGlobalSection
	GlobalSection(SolutionProperties) = preSolution
		HideSolutionNode = FALSE
	EndGlobalSection
	GlobalSection(NestedProjects) = preSolution
		{F43843F2-7F92-4B10-9619-DE47B885B95D} = {8A367DDA-5161-A942-4F09-60E4726C9306}
		{8FACFAAA-3984-43EC-A6B5-BE616FADC7D1} = {F43843F2-7F92-4B10-9619-DE47B885B95D}
		{3DECC141-82DE-4D74-B042-5F64580A351C} = {F43843F2-7F92-4B10-9619-DE47B885B95D}
		{EFC92716-616C-466C-8748-9B18677F76C7} = {F43843F2-7F92-4B10-9619-DE47B885B95D}
		{57100A56-520E-DBBB-C014-D73AA721F2C7} = {8A367DDA-5161-A942-4F09-60E4726C9306}
		{1EF1EA4E-FA58-49C0-B9D5-A2CCF02A82F1} = {57100A56-520E-DBBB-C014-D73AA721F2C7}
		{037347D7-2EC3-4D37-AF61-7DF92C17016F} = {57100A56-520E-DBBB-C014-D73AA721F2C7}
		{A318D808-CF5D-421A-8963-222FA59E821D} = {57100A56-520E-DBBB-C014-D73AA721F2C7}
		{9BB0D55D-90ED-3301-EBC6-AEDA95EA9861} = {F43843F2-7F92-4B10-9619-DE47B885B95D}
		{280391C0-06AF-5866-808C-0B9868116647} = {57100A56-520E-DBBB-C014-D73AA721F2C7}
		{02EA681E-C7D8-13C7-8484-4AC65E1B71E8} = {8A367DDA-5161-A942-4F09-60E4726C9306}
		{62D6D846-AC2C-AFE8-B167-C30ADBDC9BB8} = {02EA681E-C7D8-13C7-8484-4AC65E1B71E8}
		{C24BF798-A1E0-5B21-7500-B405A40AD410} = {02EA681E-C7D8-13C7-8484-4AC65E1B71E8}
		{59049107-A3CA-E5E1-42F0-3FB46C72117F} = {02EA681E-C7D8-13C7-8484-4AC65E1B71E8}
		{803F3DCB-8FAF-7C09-19E8-5F4603A98D32} = {02EA681E-C7D8-13C7-8484-4AC65E1B71E8}
	EndGlobalSection
	GlobalSection(ExtensibilityGlobals) = postSolution
		SolutionGuid = {D6D3C201-C08D-4CD9-A8AD-86156FB76067}
	EndGlobalSection
EndGlobal
